
Microsoft Visual Studio Solution File, Format Version 12.00
# Visual Studio 15
VisualStudioVersion = 15.0.27703.2047
MinimumVisualStudioVersion = 10.0.40219.1
Project("{8BC9CEB8-8B4A-11D0-8D11-00A0C91BC942}") = "IntroCPPSteffanM", "IntroCPPSteffanM\IntroCPPSteffanM.vcxproj", "{39AB6228-6FEB-4AA3-A87D-86C96C625936}"
EndProject
Project("{8BC9CEB8-8B4A-11D0-8D11-00A0C91BC942}") = "Variables", "Variables\Variables.vcxproj", "{B0AEE65C-E1C7-46D1-A655-DA6484DCC194}"
EndProject
Project("{8BC9CEB8-8B4A-11D0-8D11-00A0C91BC942}") = "ConditionalStatements", "ConditionalStatements\ConditionalStatements.vcxproj", "{5061E35B-1E6B-462F-B3B5-D6EFD2EEEFA4}"
EndProject
Project("{8BC9CEB8-8B4A-11D0-8D11-00A0C91BC942}") = "Loops", "Loops\Loops.vcxproj", "{1B627FA0-00EB-4B73-B85E-81B3C4ECDAAE}"
EndProject
Project("{8BC9CEB8-8B4A-11D0-8D11-00A0C91BC942}") = "Arrays", "Arrays\Arrays.vcxproj", "{2C642E6E-4B29-4B9D-940A-CA5784575997}"
EndProject
Project("{8BC9CEB8-8B4A-11D0-8D11-00A0C91BC942}") = "AssessmentNumberGuessingGame", "AssessmentNumberGuessingGame\AssessmentNumberGuessingGame.vcxproj", "{FFB5242A-B649-424B-8B37-595F33FF54E2}"
EndProject
Project("{8BC9CEB8-8B4A-11D0-8D11-00A0C91BC942}") = "CharacterArrays", "CharacterArrays\CharacterArrays.vcxproj", "{E29DC1E4-703A-48B0-8933-3BC786942995}"
EndProject
Project("{8BC9CEB8-8B4A-11D0-8D11-00A0C91BC942}") = "Functions", "Functions\Functions.vcxproj", "{113A6B8C-65AF-4F67-ACBD-4ECB77352395}"
EndProject
Project("{8BC9CEB8-8B4A-11D0-8D11-00A0C91BC942}") = "Recursive Functions", "Recursive Functions\Recursive Functions.vcxproj", "{4759FDB5-E843-401B-B0C3-3B5F1E3A833E}"
EndProject
Project("{8BC9CEB8-8B4A-11D0-8D11-00A0C91BC942}") = "Pointers", "Pointers\Pointers.vcxproj", "{078770E8-4D18-4A76-AD24-B14ABA7AFFB7}"
EndProject
Project("{8BC9CEB8-8B4A-11D0-8D11-00A0C91BC942}") = "References", "References\References.vcxproj", "{FB410ED1-56FC-476A-8E46-B5AF8D7912B7}"
EndProject
Project("{8BC9CEB8-8B4A-11D0-8D11-00A0C91BC942}") = "Structures", "Structures\Structures.vcxproj", "{C40261D4-B689-467C-8890-4DE3DBB621D9}"
EndProject
Global
	GlobalSection(SolutionConfigurationPlatforms) = preSolution
		Debug|x64 = Debug|x64
		Debug|x86 = Debug|x86
		Release|x64 = Release|x64
		Release|x86 = Release|x86
	EndGlobalSection
	GlobalSection(ProjectConfigurationPlatforms) = postSolution
		{39AB6228-6FEB-4AA3-A87D-86C96C625936}.Debug|x64.ActiveCfg = Debug|x64
		{39AB6228-6FEB-4AA3-A87D-86C96C625936}.Debug|x64.Build.0 = Debug|x64
		{39AB6228-6FEB-4AA3-A87D-86C96C625936}.Debug|x86.ActiveCfg = Debug|Win32
		{39AB6228-6FEB-4AA3-A87D-86C96C625936}.Debug|x86.Build.0 = Debug|Win32
		{39AB6228-6FEB-4AA3-A87D-86C96C625936}.Release|x64.ActiveCfg = Release|x64
		{39AB6228-6FEB-4AA3-A87D-86C96C625936}.Release|x64.Build.0 = Release|x64
		{39AB6228-6FEB-4AA3-A87D-86C96C625936}.Release|x86.ActiveCfg = Release|Win32
		{39AB6228-6FEB-4AA3-A87D-86C96C625936}.Release|x86.Build.0 = Release|Win32
		{B0AEE65C-E1C7-46D1-A655-DA6484DCC194}.Debug|x64.ActiveCfg = Debug|x64
		{B0AEE65C-E1C7-46D1-A655-DA6484DCC194}.Debug|x64.Build.0 = Debug|x64
		{B0AEE65C-E1C7-46D1-A655-DA6484DCC194}.Debug|x86.ActiveCfg = Debug|Win32
		{B0AEE65C-E1C7-46D1-A655-DA6484DCC194}.Debug|x86.Build.0 = Debug|Win32
		{B0AEE65C-E1C7-46D1-A655-DA6484DCC194}.Release|x64.ActiveCfg = Release|x64
		{B0AEE65C-E1C7-46D1-A655-DA6484DCC194}.Release|x64.Build.0 = Release|x64
		{B0AEE65C-E1C7-46D1-A655-DA6484DCC194}.Release|x86.ActiveCfg = Release|Win32
		{B0AEE65C-E1C7-46D1-A655-DA6484DCC194}.Release|x86.Build.0 = Release|Win32
		{5061E35B-1E6B-462F-B3B5-D6EFD2EEEFA4}.Debug|x64.ActiveCfg = Debug|x64
		{5061E35B-1E6B-462F-B3B5-D6EFD2EEEFA4}.Debug|x64.Build.0 = Debug|x64
		{5061E35B-1E6B-462F-B3B5-D6EFD2EEEFA4}.Debug|x86.ActiveCfg = Debug|Win32
		{5061E35B-1E6B-462F-B3B5-D6EFD2EEEFA4}.Debug|x86.Build.0 = Debug|Win32
		{5061E35B-1E6B-462F-B3B5-D6EFD2EEEFA4}.Release|x64.ActiveCfg = Release|x64
		{5061E35B-1E6B-462F-B3B5-D6EFD2EEEFA4}.Release|x64.Build.0 = Release|x64
		{5061E35B-1E6B-462F-B3B5-D6EFD2EEEFA4}.Release|x86.ActiveCfg = Release|Win32
		{5061E35B-1E6B-462F-B3B5-D6EFD2EEEFA4}.Release|x86.Build.0 = Release|Win32
		{1B627FA0-00EB-4B73-B85E-81B3C4ECDAAE}.Debug|x64.ActiveCfg = Debug|x64
		{1B627FA0-00EB-4B73-B85E-81B3C4ECDAAE}.Debug|x64.Build.0 = Debug|x64
		{1B627FA0-00EB-4B73-B85E-81B3C4ECDAAE}.Debug|x86.ActiveCfg = Debug|Win32
		{1B627FA0-00EB-4B73-B85E-81B3C4ECDAAE}.Debug|x86.Build.0 = Debug|Win32
		{1B627FA0-00EB-4B73-B85E-81B3C4ECDAAE}.Release|x64.ActiveCfg = Release|x64
		{1B627FA0-00EB-4B73-B85E-81B3C4ECDAAE}.Release|x64.Build.0 = Release|x64
		{1B627FA0-00EB-4B73-B85E-81B3C4ECDAAE}.Release|x86.ActiveCfg = Release|Win32
		{1B627FA0-00EB-4B73-B85E-81B3C4ECDAAE}.Release|x86.Build.0 = Release|Win32
		{2C642E6E-4B29-4B9D-940A-CA5784575997}.Debug|x64.ActiveCfg = Debug|x64
		{2C642E6E-4B29-4B9D-940A-CA5784575997}.Debug|x64.Build.0 = Debug|x64
		{2C642E6E-4B29-4B9D-940A-CA5784575997}.Debug|x86.ActiveCfg = Debug|Win32
		{2C642E6E-4B29-4B9D-940A-CA5784575997}.Debug|x86.Build.0 = Debug|Win32
		{2C642E6E-4B29-4B9D-940A-CA5784575997}.Release|x64.ActiveCfg = Release|x64
		{2C642E6E-4B29-4B9D-940A-CA5784575997}.Release|x64.Build.0 = Release|x64
		{2C642E6E-4B29-4B9D-940A-CA5784575997}.Release|x86.ActiveCfg = Release|Win32
		{2C642E6E-4B29-4B9D-940A-CA5784575997}.Release|x86.Build.0 = Release|Win32
		{FFB5242A-B649-424B-8B37-595F33FF54E2}.Debug|x64.ActiveCfg = Debug|x64
		{FFB5242A-B649-424B-8B37-595F33FF54E2}.Debug|x64.Build.0 = Debug|x64
		{FFB5242A-B649-424B-8B37-595F33FF54E2}.Debug|x86.ActiveCfg = Debug|Win32
		{FFB5242A-B649-424B-8B37-595F33FF54E2}.Debug|x86.Build.0 = Debug|Win32
		{FFB5242A-B649-424B-8B37-595F33FF54E2}.Release|x64.ActiveCfg = Release|x64
		{FFB5242A-B649-424B-8B37-595F33FF54E2}.Release|x64.Build.0 = Release|x64
		{FFB5242A-B649-424B-8B37-595F33FF54E2}.Release|x86.ActiveCfg = Release|Win32
		{FFB5242A-B649-424B-8B37-595F33FF54E2}.Release|x86.Build.0 = Release|Win32
		{E29DC1E4-703A-48B0-8933-3BC786942995}.Debug|x64.ActiveCfg = Debug|x64
		{E29DC1E4-703A-48B0-8933-3BC786942995}.Debug|x64.Build.0 = Debug|x64
		{E29DC1E4-703A-48B0-8933-3BC786942995}.Debug|x86.ActiveCfg = Debug|Win32
		{E29DC1E4-703A-48B0-8933-3BC786942995}.Debug|x86.Build.0 = Debug|Win32
		{E29DC1E4-703A-48B0-8933-3BC786942995}.Release|x64.ActiveCfg = Release|x64
		{E29DC1E4-703A-48B0-8933-3BC786942995}.Release|x64.Build.0 = Release|x64
		{E29DC1E4-703A-48B0-8933-3BC786942995}.Release|x86.ActiveCfg = Release|Win32
		{E29DC1E4-703A-48B0-8933-3BC786942995}.Release|x86.Build.0 = Release|Win32
		{113A6B8C-65AF-4F67-ACBD-4ECB77352395}.Debug|x64.ActiveCfg = Debug|x64
		{113A6B8C-65AF-4F67-ACBD-4ECB77352395}.Debug|x64.Build.0 = Debug|x64
		{113A6B8C-65AF-4F67-ACBD-4ECB77352395}.Debug|x86.ActiveCfg = Debug|Win32
		{113A6B8C-65AF-4F67-ACBD-4ECB77352395}.Debug|x86.Build.0 = Debug|Win32
		{113A6B8C-65AF-4F67-ACBD-4ECB77352395}.Release|x64.ActiveCfg = Release|x64
		{113A6B8C-65AF-4F67-ACBD-4ECB77352395}.Release|x64.Build.0 = Release|x64
		{113A6B8C-65AF-4F67-ACBD-4ECB77352395}.Release|x86.ActiveCfg = Release|Win32
		{113A6B8C-65AF-4F67-ACBD-4ECB77352395}.Release|x86.Build.0 = Release|Win32
		{4759FDB5-E843-401B-B0C3-3B5F1E3A833E}.Debug|x64.ActiveCfg = Debug|x64
		{4759FDB5-E843-401B-B0C3-3B5F1E3A833E}.Debug|x64.Build.0 = Debug|x64
		{4759FDB5-E843-401B-B0C3-3B5F1E3A833E}.Debug|x86.ActiveCfg = Debug|Win32
		{4759FDB5-E843-401B-B0C3-3B5F1E3A833E}.Debug|x86.Build.0 = Debug|Win32
		{4759FDB5-E843-401B-B0C3-3B5F1E3A833E}.Release|x64.ActiveCfg = Release|x64
		{4759FDB5-E843-401B-B0C3-3B5F1E3A833E}.Release|x64.Build.0 = Release|x64
		{4759FDB5-E843-401B-B0C3-3B5F1E3A833E}.Release|x86.ActiveCfg = Release|Win32
		{4759FDB5-E843-401B-B0C3-3B5F1E3A833E}.Release|x86.Build.0 = Release|Win32
		{078770E8-4D18-4A76-AD24-B14ABA7AFFB7}.Debug|x64.ActiveCfg = Debug|x64
		{078770E8-4D18-4A76-AD24-B14ABA7AFFB7}.Debug|x64.Build.0 = Debug|x64
		{078770E8-4D18-4A76-AD24-B14ABA7AFFB7}.Debug|x86.ActiveCfg = Debug|Win32
		{078770E8-4D18-4A76-AD24-B14ABA7AFFB7}.Debug|x86.Build.0 = Debug|Win32
		{078770E8-4D18-4A76-AD24-B14ABA7AFFB7}.Release|x64.ActiveCfg = Release|x64
		{078770E8-4D18-4A76-AD24-B14ABA7AFFB7}.Release|x64.Build.0 = Release|x64
		{078770E8-4D18-4A76-AD24-B14ABA7AFFB7}.Release|x86.ActiveCfg = Release|Win32
		{078770E8-4D18-4A76-AD24-B14ABA7AFFB7}.Release|x86.Build.0 = Release|Win32
		{FB410ED1-56FC-476A-8E46-B5AF8D7912B7}.Debug|x64.ActiveCfg = Debug|x64
		{FB410ED1-56FC-476A-8E46-B5AF8D7912B7}.Debug|x64.Build.0 = Debug|x64
		{FB410ED1-56FC-476A-8E46-B5AF8D7912B7}.Debug|x86.ActiveCfg = Debug|Win32
		{FB410ED1-56FC-476A-8E46-B5AF8D7912B7}.Debug|x86.Build.0 = Debug|Win32
		{FB410ED1-56FC-476A-8E46-B5AF8D7912B7}.Release|x64.ActiveCfg = Release|x64
		{FB410ED1-56FC-476A-8E46-B5AF8D7912B7}.Release|x64.Build.0 = Release|x64
		{FB410ED1-56FC-476A-8E46-B5AF8D7912B7}.Release|x86.ActiveCfg = Release|Win32
		{FB410ED1-56FC-476A-8E46-B5AF8D7912B7}.Release|x86.Build.0 = Release|Win32
		{C40261D4-B689-467C-8890-4DE3DBB621D9}.Debug|x64.ActiveCfg = Debug|x64
		{C40261D4-B689-467C-8890-4DE3DBB621D9}.Debug|x64.Build.0 = Debug|x64
		{C40261D4-B689-467C-8890-4DE3DBB621D9}.Debug|x86.ActiveCfg = Debug|Win32
		{C40261D4-B689-467C-8890-4DE3DBB621D9}.Debug|x86.Build.0 = Debug|Win32
		{C40261D4-B689-467C-8890-4DE3DBB621D9}.Release|x64.ActiveCfg = Release|x64
		{C40261D4-B689-467C-8890-4DE3DBB621D9}.Release|x64.Build.0 = Release|x64
		{C40261D4-B689-467C-8890-4DE3DBB621D9}.Release|x86.ActiveCfg = Release|Win32
		{C40261D4-B689-467C-8890-4DE3DBB621D9}.Release|x86.Build.0 = Release|Win32
	EndGlobalSection
	GlobalSection(SolutionProperties) = preSolution
		HideSolutionNode = FALSE
	EndGlobalSection
	GlobalSection(ExtensibilityGlobals) = postSolution
		SolutionGuid = {9B85E649-033A-4E56-B3BB-B68EBC4812B1}
	EndGlobalSection
EndGlobal
